
Microsoft Visual Studio Solution File, Format Version 12.00
# Visual Studio 15
VisualStudioVersion = 15.0.26124.0
MinimumVisualStudioVersion = 15.0.26124.0
Project("{FAE04EC0-301F-11D3-BF4B-00C04F79EFBC}") = "Domain", "Domain\Domain.csproj", "{72FA7439-6BD0-4CA9-A4B2-8EB90EB6B340}"
EndProject
Project("{FAE04EC0-301F-11D3-BF4B-00C04F79EFBC}") = "Application", "Application\Application.csproj", "{3EB6C630-4805-4C81-BDB9-F27EBFC2BE8B}"
EndProject
Project("{FAE04EC0-301F-11D3-BF4B-00C04F79EFBC}") = "Persistence", "Persistence\Persistence.csproj", "{4F269432-5E63-4EF3-853D-270134F175FF}"
EndProject
Project("{FAE04EC0-301F-11D3-BF4B-00C04F79EFBC}") = "API", "API\API.csproj", "{C58BA3A0-12B4-48E0-A0B5-E9617992F472}"
EndProject
Global
	GlobalSection(SolutionConfigurationPlatforms) = preSolution
		Debug|Any CPU = Debug|Any CPU
		Debug|x64 = Debug|x64
		Debug|x86 = Debug|x86
		Release|Any CPU = Release|Any CPU
		Release|x64 = Release|x64
		Release|x86 = Release|x86
	EndGlobalSection
	GlobalSection(SolutionProperties) = preSolution
		HideSolutionNode = FALSE
	EndGlobalSection
	GlobalSection(ProjectConfigurationPlatforms) = postSolution
		{72FA7439-6BD0-4CA9-A4B2-8EB90EB6B340}.Debug|Any CPU.ActiveCfg = Debug|Any CPU
		{72FA7439-6BD0-4CA9-A4B2-8EB90EB6B340}.Debug|Any CPU.Build.0 = Debug|Any CPU
		{72FA7439-6BD0-4CA9-A4B2-8EB90EB6B340}.Debug|x64.ActiveCfg = Debug|Any CPU
		{72FA7439-6BD0-4CA9-A4B2-8EB90EB6B340}.Debug|x64.Build.0 = Debug|Any CPU
		{72FA7439-6BD0-4CA9-A4B2-8EB90EB6B340}.Debug|x86.ActiveCfg = Debug|Any CPU
		{72FA7439-6BD0-4CA9-A4B2-8EB90EB6B340}.Debug|x86.Build.0 = Debug|Any CPU
		{72FA7439-6BD0-4CA9-A4B2-8EB90EB6B340}.Release|Any CPU.ActiveCfg = Release|Any CPU
		{72FA7439-6BD0-4CA9-A4B2-8EB90EB6B340}.Release|Any CPU.Build.0 = Release|Any CPU
		{72FA7439-6BD0-4CA9-A4B2-8EB90EB6B340}.Release|x64.ActiveCfg = Release|Any CPU
		{72FA7439-6BD0-4CA9-A4B2-8EB90EB6B340}.Release|x64.Build.0 = Release|Any CPU
		{72FA7439-6BD0-4CA9-A4B2-8EB90EB6B340}.Release|x86.ActiveCfg = Release|Any CPU
		{72FA7439-6BD0-4CA9-A4B2-8EB90EB6B340}.Release|x86.Build.0 = Release|Any CPU
		{3EB6C630-4805-4C81-BDB9-F27EBFC2BE8B}.Debug|Any CPU.ActiveCfg = Debug|Any CPU
		{3EB6C630-4805-4C81-BDB9-F27EBFC2BE8B}.Debug|Any CPU.Build.0 = Debug|Any CPU
		{3EB6C630-4805-4C81-BDB9-F27EBFC2BE8B}.Debug|x64.ActiveCfg = Debug|Any CPU
		{3EB6C630-4805-4C81-BDB9-F27EBFC2BE8B}.Debug|x64.Build.0 = Debug|Any CPU
		{3EB6C630-4805-4C81-BDB9-F27EBFC2BE8B}.Debug|x86.ActiveCfg = Debug|Any CPU
		{3EB6C630-4805-4C81-BDB9-F27EBFC2BE8B}.Debug|x86.Build.0 = Debug|Any CPU
		{3EB6C630-4805-4C81-BDB9-F27EBFC2BE8B}.Release|Any CPU.ActiveCfg = Release|Any CPU
		{3EB6C630-4805-4C81-BDB9-F27EBFC2BE8B}.Release|Any CPU.Build.0 = Release|Any CPU
		{3EB6C630-4805-4C81-BDB9-F27EBFC2BE8B}.Release|x64.ActiveCfg = Release|Any CPU
		{3EB6C630-4805-4C81-BDB9-F27EBFC2BE8B}.Release|x64.Build.0 = Release|Any CPU
		{3EB6C630-4805-4C81-BDB9-F27EBFC2BE8B}.Release|x86.ActiveCfg = Release|Any CPU
		{3EB6C630-4805-4C81-BDB9-F27EBFC2BE8B}.Release|x86.Build.0 = Release|Any CPU
		{4F269432-5E63-4EF3-853D-270134F175FF}.Debug|Any CPU.ActiveCfg = Debug|Any CPU
		{4F269432-5E63-4EF3-853D-270134F175FF}.Debug|Any CPU.Build.0 = Debug|Any CPU
		{4F269432-5E63-4EF3-853D-270134F175FF}.Debug|x64.ActiveCfg = Debug|Any CPU
		{4F269432-5E63-4EF3-853D-270134F175FF}.Debug|x64.Build.0 = Debug|Any CPU
		{4F269432-5E63-4EF3-853D-270134F175FF}.Debug|x86.ActiveCfg = Debug|Any CPU
		{4F269432-5E63-4EF3-853D-270134F175FF}.Debug|x86.Build.0 = Debug|Any CPU
		{4F269432-5E63-4EF3-853D-270134F175FF}.Release|Any CPU.ActiveCfg = Release|Any CPU
		{4F269432-5E63-4EF3-853D-270134F175FF}.Release|Any CPU.Build.0 = Release|Any CPU
		{4F269432-5E63-4EF3-853D-270134F175FF}.Release|x64.ActiveCfg = Release|Any CPU
		{4F269432-5E63-4EF3-853D-270134F175FF}.Release|x64.Build.0 = Release|Any CPU
		{4F269432-5E63-4EF3-853D-270134F175FF}.Release|x86.ActiveCfg = Release|Any CPU
		{4F269432-5E63-4EF3-853D-270134F175FF}.Release|x86.Build.0 = Release|Any CPU
		{C58BA3A0-12B4-48E0-A0B5-E9617992F472}.Debug|Any CPU.ActiveCfg = Debug|Any CPU
		{C58BA3A0-12B4-48E0-A0B5-E9617992F472}.Debug|Any CPU.Build.0 = Debug|Any CPU
		{C58BA3A0-12B4-48E0-A0B5-E9617992F472}.Debug|x64.ActiveCfg = Debug|Any CPU
		{C58BA3A0-12B4-48E0-A0B5-E9617992F472}.Debug|x64.Build.0 = Debug|Any CPU
		{C58BA3A0-12B4-48E0-A0B5-E9617992F472}.Debug|x86.ActiveCfg = Debug|Any CPU
		{C58BA3A0-12B4-48E0-A0B5-E9617992F472}.Debug|x86.Build.0 = Debug|Any CPU
		{C58BA3A0-12B4-48E0-A0B5-E9617992F472}.Release|Any CPU.ActiveCfg = Release|Any CPU
		{C58BA3A0-12B4-48E0-A0B5-E9617992F472}.Release|Any CPU.Build.0 = Release|Any CPU
		{C58BA3A0-12B4-48E0-A0B5-E9617992F472}.Release|x64.ActiveCfg = Release|Any CPU
		{C58BA3A0-12B4-48E0-A0B5-E9617992F472}.Release|x64.Build.0 = Release|Any CPU
		{C58BA3A0-12B4-48E0-A0B5-E9617992F472}.Release|x86.ActiveCfg = Release|Any CPU
		{C58BA3A0-12B4-48E0-A0B5-E9617992F472}.Release|x86.Build.0 = Release|Any CPU
	EndGlobalSection
EndGlobal
